
Microsoft Visual Studio Solution File, Format Version 12.00
# Visual Studio Version 16
VisualStudioVersion = 16.0.30225.117
MinimumVisualStudioVersion = 10.0.40219.1
Project("{FAE04EC0-301F-11D3-BF4B-00C04F79EFBC}") = "LWM.Redis", "LWM.Redis.csproj", "{BEC31F76-2061-4103-9971-AA724169B688}"
EndProject
Global
	GlobalSection(SolutionConfigurationPlatforms) = preSolution
		Debug|Any CPU = Debug|Any CPU
		Release|Any CPU = Release|Any CPU
	EndGlobalSection
	GlobalSection(ProjectConfigurationPlatforms) = postSolution
		{BEC31F76-2061-4103-9971-AA724169B688}.Debug|Any CPU.ActiveCfg = Debug|Any CPU
		{BEC31F76-2061-4103-9971-AA724169B688}.Debug|Any CPU.Build.0 = Debug|Any CPU
		{BEC31F76-2061-4103-9971-AA724169B688}.Release|Any CPU.ActiveCfg = Release|Any CPU
		{BEC31F76-2061-4103-9971-AA724169B688}.Release|Any CPU.Build.0 = Release|Any CPU
	EndGlobalSection
	GlobalSection(SolutionProperties) = preSolution
		HideSolutionNode = FALSE
	EndGlobalSection
	GlobalSection(ExtensibilityGlobals) = postSolution
		SolutionGuid = {87D36677-E49D-4D98-873C-DB64C40D6661}
	EndGlobalSection
EndGlobal
